<?xml version="1.0" encoding="utf-8"?>
<Project ToolsVersion="4.0" xmlns="http://schemas.microsoft.com/developer/msbuild/2003">
  <ItemGroup>
    <Filter Include="Archivos de código fuente">
      <UniqueIdentifier>{4FC737F1-C7A5-4376-A066-2A32D752A2FF}</UniqueIdentifier>
      <Extensions>cpp;c;cc;cxx;def;odl;idl;hpj;bat;asm;asmx</Extensions>
    </Filter>
    <Filter Include="Archivos de encabezado">
      <UniqueIdentifier>{93995380-89BD-4b04-88EB-625FBE52EBFB}</UniqueIdentifier>
      <Extensions>h;hh;hpp;hxx;hm;inl;inc;xsd</Extensions>
    </Filter>
  </ItemGroup>
  <ItemGroup>
    <ClCompile Include="Background.cpp">
      <Filter>Archivos de código fuente</Filter>
    </ClCompile>
    <ClCompile Include="BaseApp.cpp">
      <Filter>Archivos de código fuente</Filter>
    </ClCompile>
    <ClCompile Include="ConfigReader.cpp">
      <Filter>Archivos de código fuente</Filter>
    </ClCompile>
    <ClCompile Include="Stdafx.cpp">
      <Filter>Archivos de código fuente</Filter>
    </ClCompile>
    <ClCompile Include="Ground.cpp">
      <Filter>Archivos de código fuente</Filter>
    </ClCompile>
    <ClCompile Include="Widget.cpp">
      <Filter>Archivos de código fuente</Filter>
    </ClCompile>
    <ClCompile Include="GuiManager.cpp">
      <Filter>Archivos de código fuente</Filter>
    </ClCompile>
    <ClCompile Include="Button.cpp">
      <Filter>Archivos de código fuente</Filter>
    </ClCompile>
    <ClCompile Include="MenuBar.cpp">
      <Filter>Archivos de código fuente</Filter>
    </ClCompile>
    <ClCompile Include="GameInfo.cpp">
      <Filter>Archivos de código fuente</Filter>
    </ClCompile>
    <ClCompile Include="Thumbnail.cpp">
      <Filter>Archivos de código fuente</Filter>
    </ClCompile>
    <ClCompile Include="Slider.cpp">
      <Filter>Archivos de código fuente</Filter>
    </ClCompile>
    <ClCompile Include="SimpleText.cpp">
      <Filter>Archivos de código fuente</Filter>
    </ClCompile>
    <ClCompile Include="FormGames.cpp">
      <Filter>Archivos de código fuente</Filter>
    </ClCompile>
    <ClCompile Include="FormOverview.cpp">
      <Filter>Archivos de código fuente</Filter>
    </ClCompile>
    <ClCompile Include="CModel.cpp">
      <Filter>Archivos de código fuente</Filter>
    </ClCompile>
    <ClCompile Include="DecorWidget.cpp">
      <Filter>Archivos de código fuente</Filter>
    </ClCompile>
    <ClCompile Include="FormImages.cpp">
      <Filter>Archivos de código fuente</Filter>
    </ClCompile>
    <ClCompile Include="FormSelectorGame.cpp">
      <Filter>Archivos de código fuente</Filter>
    </ClCompile>
    <ClCompile Include="FormBase.cpp">
      <Filter>Archivos de código fuente</Filter>
    </ClCompile>
    <ClCompile Include="FormSelectorMain.cpp">
      <Filter>Archivos de código fuente</Filter>
    </ClCompile>
    <ClCompile Include="SelectMenu.cpp">
      <Filter>Archivos de código fuente</Filter>
    </ClCompile>
    <ClCompile Include="FormModels.cpp">
      <Filter>Archivos de código fuente</Filter>
    </ClCompile>
    <ClCompile Include="audiodecoder.cpp">
      <Filter>Archivos de código fuente</Filter>
    </ClCompile>
    <ClCompile Include="libavwrapper.cpp">
      <Filter>Archivos de código fuente</Filter>
    </ClCompile>
    <ClCompile Include="videoplayer.cpp">
      <Filter>Archivos de código fuente</Filter>
    </ClCompile>
    <ClCompile Include="videostate.cpp">
      <Filter>Archivos de código fuente</Filter>
    </ClCompile>
    <ClCompile Include="FormVideos.cpp">
      <Filter>Archivos de código fuente</Filter>
    </ClCompile>
    <ClCompile Include="SDLMovieAudioFactory.cpp">
      <Filter>Archivos de código fuente</Filter>
    </ClCompile>
    <ClCompile Include="FormCollector.cpp">
      <Filter>Archivos de código fuente</Filter>
    </ClCompile>
    <ClCompile Include="ModelController.cpp">
      <Filter>Archivos de código fuente</Filter>
    </ClCompile>
    <ClCompile Include="DepthOfFieldEffect.cpp">
      <Filter>Archivos de código fuente</Filter>
    </ClCompile>
    <ClCompile Include="Lens.cpp">
      <Filter>Archivos de código fuente</Filter>
    </ClCompile>
    <ClCompile Include="Thumbnail3D.cpp">
      <Filter>Archivos de código fuente</Filter>
    </ClCompile>
    <ClCompile Include="FormMusic.cpp">
      <Filter>Archivos de código fuente</Filter>
    </ClCompile>
    <ClCompile Include="TrackList.cpp">
      <Filter>Archivos de código fuente</Filter>
    </ClCompile>
    <ClCompile Include="MediaPlayer.cpp">
      <Filter>Archivos de código fuente</Filter>
    </ClCompile>
    <ClCompile Include="UtilsOgreDshow.cpp">
      <Filter>Archivos de código fuente</Filter>
    </ClCompile>
    <ClCompile Include="ProgressBar.cpp">
      <Filter>Archivos de código fuente</Filter>
    </ClCompile>
    <ClCompile Include="FormReview.cpp">
      <Filter>Archivos de código fuente</Filter>
    </ClCompile>
    <ClCompile Include="CheckBox.cpp">
      <Filter>Archivos de código fuente</Filter>
    </ClCompile>
    <ClCompile Include="ItemSelector.cpp">
      <Filter>Archivos de código fuente</Filter>
    </ClCompile>
    <ClCompile Include="DialogWindows.cpp">
      <Filter>Archivos de código fuente</Filter>
    </ClCompile>
    <ClCompile Include="Label.cpp">
      <Filter>Archivos de código fuente</Filter>
    </ClCompile>
    <ClCompile Include="SliderOptions.cpp">
      <Filter>Archivos de código fuente</Filter>
    </ClCompile>
    <ClCompile Include="FileExplorer.cpp">
      <Filter>Archivos de código fuente</Filter>
    </ClCompile>
    <ClCompile Include="FormOptions.cpp">
      <Filter>Archivos de código fuente</Filter>
    </ClCompile>
    <ClCompile Include="LineEdit.cpp">
      <Filter>Archivos de código fuente</Filter>
    </ClCompile>
    <ClCompile Include="EditString.cpp">
      <Filter>Archivos de código fuente</Filter>
    </ClCompile>
    <ClCompile Include="FormNewGame.cpp">
      <Filter>Archivos de código fuente</Filter>
    </ClCompile>
    <ClCompile Include="MediaPlayerMini.cpp">
      <Filter>Archivos de código fuente</Filter>
    </ClCompile>
  </ItemGroup>
  <ItemGroup>
    <ClInclude Include="Background.h">
      <Filter>Archivos de encabezado</Filter>
    </ClInclude>
    <ClInclude Include="BaseApp.h">
      <Filter>Archivos de encabezado</Filter>
    </ClInclude>
    <ClInclude Include="ConfigReader.h">
      <Filter>Archivos de encabezado</Filter>
    </ClInclude>
    <ClInclude Include="Ground.h">
      <Filter>Archivos de encabezado</Filter>
    </ClInclude>
    <ClInclude Include="Stdafx.h">
      <Filter>Archivos de encabezado</Filter>
    </ClInclude>
    <ClInclude Include="Widget.h">
      <Filter>Archivos de encabezado</Filter>
    </ClInclude>
    <ClInclude Include="GuiListener.h">
      <Filter>Archivos de encabezado</Filter>
    </ClInclude>
    <ClInclude Include="GuiManager.h">
      <Filter>Archivos de encabezado</Filter>
    </ClInclude>
    <ClInclude Include="Button.h">
      <Filter>Archivos de encabezado</Filter>
    </ClInclude>
    <ClInclude Include="MenuBar.h">
      <Filter>Archivos de encabezado</Filter>
    </ClInclude>
    <ClInclude Include="GameInfo.h">
      <Filter>Archivos de encabezado</Filter>
    </ClInclude>
    <ClInclude Include="Thumbnail.h">
      <Filter>Archivos de encabezado</Filter>
    </ClInclude>
    <ClInclude Include="Slider.h">
      <Filter>Archivos de encabezado</Filter>
    </ClInclude>
    <ClInclude Include="SimpleText.h">
      <Filter>Archivos de encabezado</Filter>
    </ClInclude>
    <ClInclude Include="FormGames.h">
      <Filter>Archivos de encabezado</Filter>
    </ClInclude>
    <ClInclude Include="FormOverview.h">
      <Filter>Archivos de encabezado</Filter>
    </ClInclude>
    <ClInclude Include="CModel.h">
      <Filter>Archivos de encabezado</Filter>
    </ClInclude>
    <ClInclude Include="DecorWidget.h">
      <Filter>Archivos de encabezado</Filter>
    </ClInclude>
    <ClInclude Include="FormImages.h">
      <Filter>Archivos de encabezado</Filter>
    </ClInclude>
    <ClInclude Include="FormSelectorGame.h">
      <Filter>Archivos de encabezado</Filter>
    </ClInclude>
    <ClInclude Include="FormBase.h">
      <Filter>Archivos de encabezado</Filter>
    </ClInclude>
    <ClInclude Include="FormSelectorMain.h">
      <Filter>Archivos de encabezado</Filter>
    </ClInclude>
    <ClInclude Include="SelectMenu.h">
      <Filter>Archivos de encabezado</Filter>
    </ClInclude>
    <ClInclude Include="FormModels.h">
      <Filter>Archivos de encabezado</Filter>
    </ClInclude>
    <ClInclude Include="audiodecoder.hpp">
      <Filter>Archivos de encabezado</Filter>
    </ClInclude>
    <ClInclude Include="audiofactory.hpp">
      <Filter>Archivos de encabezado</Filter>
    </ClInclude>
    <ClInclude Include="videodefs.hpp">
      <Filter>Archivos de encabezado</Filter>
    </ClInclude>
    <ClInclude Include="videoplayer.hpp">
      <Filter>Archivos de encabezado</Filter>
    </ClInclude>
    <ClInclude Include="videostate.hpp">
      <Filter>Archivos de encabezado</Filter>
    </ClInclude>
    <ClInclude Include="FormVideos.h">
      <Filter>Archivos de encabezado</Filter>
    </ClInclude>
    <ClInclude Include="SDLMovieAudioFactory.h">
      <Filter>Archivos de encabezado</Filter>
    </ClInclude>
    <ClInclude Include="FormCollector.h">
      <Filter>Archivos de encabezado</Filter>
    </ClInclude>
    <ClInclude Include="ModelController.h">
      <Filter>Archivos de encabezado</Filter>
    </ClInclude>
    <ClInclude Include="DepthOfFieldEffect.h">
      <Filter>Archivos de encabezado</Filter>
    </ClInclude>
    <ClInclude Include="Lens.h">
      <Filter>Archivos de encabezado</Filter>
    </ClInclude>
    <ClInclude Include="Thumbnail3D.h">
      <Filter>Archivos de encabezado</Filter>
    </ClInclude>
    <ClInclude Include="FormMusic.h">
      <Filter>Archivos de encabezado</Filter>
    </ClInclude>
    <ClInclude Include="TrackList.h">
      <Filter>Archivos de encabezado</Filter>
    </ClInclude>
    <ClInclude Include="MediaPlayer.h">
      <Filter>Archivos de encabezado</Filter>
    </ClInclude>
    <ClInclude Include="UtilsOgreDshow.h">
      <Filter>Archivos de encabezado</Filter>
    </ClInclude>
    <ClInclude Include="UtilsOgreDshow_private.h">
      <Filter>Archivos de encabezado</Filter>
    </ClInclude>
    <ClInclude Include="ProgressBar.h">
      <Filter>Archivos de encabezado</Filter>
    </ClInclude>
    <ClInclude Include="FormReview.h">
      <Filter>Archivos de encabezado</Filter>
    </ClInclude>
    <ClInclude Include="CheckBox.h">
      <Filter>Archivos de encabezado</Filter>
    </ClInclude>
    <ClInclude Include="ItemSelector.h">
      <Filter>Archivos de encabezado</Filter>
    </ClInclude>
    <ClInclude Include="DialogWindows.h">
      <Filter>Archivos de encabezado</Filter>
    </ClInclude>
    <ClInclude Include="Label.h">
      <Filter>Archivos de encabezado</Filter>
    </ClInclude>
    <ClInclude Include="SliderOptions.h">
      <Filter>Archivos de encabezado</Filter>
    </ClInclude>
    <ClInclude Include="FileExplorer.h">
      <Filter>Archivos de encabezado</Filter>
    </ClInclude>
    <ClInclude Include="FormOptions.h">
      <Filter>Archivos de encabezado</Filter>
    </ClInclude>
    <ClInclude Include="LineEdit.h">
      <Filter>Archivos de encabezado</Filter>
    </ClInclude>
    <ClInclude Include="EditString.h">
      <Filter>Archivos de encabezado</Filter>
    </ClInclude>
    <ClInclude Include="FormNewGame.h">
      <Filter>Archivos de encabezado</Filter>
    </ClInclude>
    <ClInclude Include="MediaPlayerMini.h">
      <Filter>Archivos de encabezado</Filter>
    </ClInclude>
  </ItemGroup>
</Project>